
Microsoft Visual Studio Solution File, Format Version 12.00
# Visual Studio 15
VisualStudioVersion = 15.0.26730.16
MinimumVisualStudioVersion = 10.0.40219.1
Project("{9A19103F-16F7-4668-BE54-9A1E7A4F7556}") = "AuthorizationPolicies", "AuthorizationPolicies\AuthorizationPolicies.csproj", "{DBAA0A34-97AE-4E13-8EBB-C2973E17FCDD}"
EndProject
Project("{9A19103F-16F7-4668-BE54-9A1E7A4F7556}") = "CookieAuthFromScratch", "CookieAuthFromScratch\CookieAuthFromScratch.csproj", "{8718B12F-4FBE-44A3-B4A0-F5B056DEE49B}"
EndProject
Project("{FAE04EC0-301F-11D3-BF4B-00C04F79EFBC}") = "TOTP", "TOTP\TOTP.csproj", "{39F34106-120B-45B3-8884-23CF8818E8D1}"
EndProject
Global
	GlobalSection(SolutionConfigurationPlatforms) = preSolution
		Debug|Any CPU = Debug|Any CPU
		Release|Any CPU = Release|Any CPU
	EndGlobalSection
	GlobalSection(ProjectConfigurationPlatforms) = postSolution
		{DBAA0A34-97AE-4E13-8EBB-C2973E17FCDD}.Debug|Any CPU.ActiveCfg = Debug|Any CPU
		{DBAA0A34-97AE-4E13-8EBB-C2973E17FCDD}.Debug|Any CPU.Build.0 = Debug|Any CPU
		{DBAA0A34-97AE-4E13-8EBB-C2973E17FCDD}.Release|Any CPU.ActiveCfg = Release|Any CPU
		{DBAA0A34-97AE-4E13-8EBB-C2973E17FCDD}.Release|Any CPU.Build.0 = Release|Any CPU
		{8718B12F-4FBE-44A3-B4A0-F5B056DEE49B}.Debug|Any CPU.ActiveCfg = Debug|Any CPU
		{8718B12F-4FBE-44A3-B4A0-F5B056DEE49B}.Debug|Any CPU.Build.0 = Debug|Any CPU
		{8718B12F-4FBE-44A3-B4A0-F5B056DEE49B}.Release|Any CPU.ActiveCfg = Release|Any CPU
		{8718B12F-4FBE-44A3-B4A0-F5B056DEE49B}.Release|Any CPU.Build.0 = Release|Any CPU
		{39F34106-120B-45B3-8884-23CF8818E8D1}.Debug|Any CPU.ActiveCfg = Debug|Any CPU
		{39F34106-120B-45B3-8884-23CF8818E8D1}.Debug|Any CPU.Build.0 = Debug|Any CPU
		{39F34106-120B-45B3-8884-23CF8818E8D1}.Release|Any CPU.ActiveCfg = Release|Any CPU
		{39F34106-120B-45B3-8884-23CF8818E8D1}.Release|Any CPU.Build.0 = Release|Any CPU
	EndGlobalSection
	GlobalSection(SolutionProperties) = preSolution
		HideSolutionNode = FALSE
	EndGlobalSection
	GlobalSection(ExtensibilityGlobals) = postSolution
		SolutionGuid = {3502D82E-AEDC-4580-9D88-C12BEC315EF9}
	EndGlobalSection
EndGlobal
